
Microsoft Visual Studio Solution File, Format Version 12.00
# Visual Studio 15
VisualStudioVersion = 15.0.26124.0
MinimumVisualStudioVersion = 15.0.26124.0
Project("{2150E333-8FDC-42A3-9474-1A3956D46DE8}") = "src", "src", "{8776A4B3-9361-47B3-BAAE-0DC2D51EA9C9}"
EndProject
Project("{FAE04EC0-301F-11D3-BF4B-00C04F79EFBC}") = "CalciCi", "src\CalciCi\CalciCi.csproj", "{E7A7C3B4-0685-491B-8925-00E1AC047A92}"
EndProject
Project("{2150E333-8FDC-42A3-9474-1A3956D46DE8}") = "tests", "tests", "{170A1358-FE9A-475D-95C7-09DF6969F0AD}"
EndProject
Project("{FAE04EC0-301F-11D3-BF4B-00C04F79EFBC}") = "UnitTests", "tests\UnitTests\UnitTests.csproj", "{F298CF80-B30B-4DA0-B618-A43581DC1308}"
EndProject
Global
	GlobalSection(SolutionConfigurationPlatforms) = preSolution
		Debug|Any CPU = Debug|Any CPU
		Debug|x64 = Debug|x64
		Debug|x86 = Debug|x86
		Release|Any CPU = Release|Any CPU
		Release|x64 = Release|x64
		Release|x86 = Release|x86
	EndGlobalSection
	GlobalSection(SolutionProperties) = preSolution
		HideSolutionNode = FALSE
	EndGlobalSection
	GlobalSection(ProjectConfigurationPlatforms) = postSolution
		{E7A7C3B4-0685-491B-8925-00E1AC047A92}.Debug|Any CPU.ActiveCfg = Debug|Any CPU
		{E7A7C3B4-0685-491B-8925-00E1AC047A92}.Debug|Any CPU.Build.0 = Debug|Any CPU
		{E7A7C3B4-0685-491B-8925-00E1AC047A92}.Debug|x64.ActiveCfg = Debug|Any CPU
		{E7A7C3B4-0685-491B-8925-00E1AC047A92}.Debug|x64.Build.0 = Debug|Any CPU
		{E7A7C3B4-0685-491B-8925-00E1AC047A92}.Debug|x86.ActiveCfg = Debug|Any CPU
		{E7A7C3B4-0685-491B-8925-00E1AC047A92}.Debug|x86.Build.0 = Debug|Any CPU
		{E7A7C3B4-0685-491B-8925-00E1AC047A92}.Release|Any CPU.ActiveCfg = Release|Any CPU
		{E7A7C3B4-0685-491B-8925-00E1AC047A92}.Release|Any CPU.Build.0 = Release|Any CPU
		{E7A7C3B4-0685-491B-8925-00E1AC047A92}.Release|x64.ActiveCfg = Release|Any CPU
		{E7A7C3B4-0685-491B-8925-00E1AC047A92}.Release|x64.Build.0 = Release|Any CPU
		{E7A7C3B4-0685-491B-8925-00E1AC047A92}.Release|x86.ActiveCfg = Release|Any CPU
		{E7A7C3B4-0685-491B-8925-00E1AC047A92}.Release|x86.Build.0 = Release|Any CPU
		{F298CF80-B30B-4DA0-B618-A43581DC1308}.Debug|Any CPU.ActiveCfg = Debug|Any CPU
		{F298CF80-B30B-4DA0-B618-A43581DC1308}.Debug|Any CPU.Build.0 = Debug|Any CPU
		{F298CF80-B30B-4DA0-B618-A43581DC1308}.Debug|x64.ActiveCfg = Debug|Any CPU
		{F298CF80-B30B-4DA0-B618-A43581DC1308}.Debug|x64.Build.0 = Debug|Any CPU
		{F298CF80-B30B-4DA0-B618-A43581DC1308}.Debug|x86.ActiveCfg = Debug|Any CPU
		{F298CF80-B30B-4DA0-B618-A43581DC1308}.Debug|x86.Build.0 = Debug|Any CPU
		{F298CF80-B30B-4DA0-B618-A43581DC1308}.Release|Any CPU.ActiveCfg = Release|Any CPU
		{F298CF80-B30B-4DA0-B618-A43581DC1308}.Release|Any CPU.Build.0 = Release|Any CPU
		{F298CF80-B30B-4DA0-B618-A43581DC1308}.Release|x64.ActiveCfg = Release|Any CPU
		{F298CF80-B30B-4DA0-B618-A43581DC1308}.Release|x64.Build.0 = Release|Any CPU
		{F298CF80-B30B-4DA0-B618-A43581DC1308}.Release|x86.ActiveCfg = Release|Any CPU
		{F298CF80-B30B-4DA0-B618-A43581DC1308}.Release|x86.Build.0 = Release|Any CPU
	EndGlobalSection
	GlobalSection(NestedProjects) = preSolution
		{E7A7C3B4-0685-491B-8925-00E1AC047A92} = {8776A4B3-9361-47B3-BAAE-0DC2D51EA9C9}
		{F298CF80-B30B-4DA0-B618-A43581DC1308} = {170A1358-FE9A-475D-95C7-09DF6969F0AD}
	EndGlobalSection
EndGlobal
